
Microsoft Visual Studio Solution File, Format Version 12.00
# Visual Studio Version 16
VisualStudioVersion = 16.0.32228.343
MinimumVisualStudioVersion = 10.0.40219.1
Project("{FAE04EC0-301F-11D3-BF4B-00C04F79EFBC}") = "CodeFirstApproachCrud", "CodeFirstApproachCrud.csproj", "{A3CD2062-92EE-4B34-8009-30D8FD3995D7}"
EndProject
Global
	GlobalSection(SolutionConfigurationPlatforms) = preSolution
		Debug|Any CPU = Debug|Any CPU
		Release|Any CPU = Release|Any CPU
	EndGlobalSection
	GlobalSection(ProjectConfigurationPlatforms) = postSolution
		{A3CD2062-92EE-4B34-8009-30D8FD3995D7}.Debug|Any CPU.ActiveCfg = Debug|Any CPU
		{A3CD2062-92EE-4B34-8009-30D8FD3995D7}.Debug|Any CPU.Build.0 = Debug|Any CPU
		{A3CD2062-92EE-4B34-8009-30D8FD3995D7}.Release|Any CPU.ActiveCfg = Release|Any CPU
		{A3CD2062-92EE-4B34-8009-30D8FD3995D7}.Release|Any CPU.Build.0 = Release|Any CPU
	EndGlobalSection
	GlobalSection(SolutionProperties) = preSolution
		HideSolutionNode = FALSE
	EndGlobalSection
	GlobalSection(ExtensibilityGlobals) = postSolution
		SolutionGuid = {18A65F96-AA08-4690-8005-4E90321E3882}
	EndGlobalSection
EndGlobal
